# This file is autogenerated, do not edit; changes may be undone by the next 'dep ensure'.


[[projects]]
  name = "cloud.google.com/go"
  packages = ["compute/metadata"]
  revision = "050b16d2314d5fc3d4c9a51e4cd5c7468e77f162"
  version = "v0.17.0"

[[projects]]
  branch = "master"
  name = "github.com/DisposaBoy/JsonConfigReader"
  packages = ["."]
  revision = "5ea4d0ddac554439159cd6f191cb94a110d73352"

[[projects]]
  name = "github.com/JamesClonk/vultr"
  packages = ["lib"]
  revision = "fa1c0367800db75e4d10d0ec90c49a8731670224"
  version = "1.15.0"

[[projects]]
  branch = "master"
  name = "github.com/StackExchange/dnscontrol"
  packages = ["commands","models","pkg/js","pkg/nameservers","pkg/normalize","pkg/notifications","pkg/printer","pkg/spflib","pkg/transform","providers","providers/_all","providers/activedir","providers/bind","providers/cloudflare","providers/config","providers/diff","providers/digitalocean","providers/dnsimple","providers/gandi","providers/gcloud","providers/linode","providers/namecheap","providers/namedotcom","providers/ns1","providers/ovh","providers/route53","providers/softlayer","providers/vultr"]
  revision = "0b329bf0eef0ea16302b4cde22dd04468aa5dce8"

[[projects]]
  branch = "master"
  name = "github.com/TomOnTime/utfutil"
  packages = ["."]
  revision = "1916859f26bb476f86a4c47c272f7c881f92619a"

[[projects]]
  name = "github.com/aws/aws-sdk-go"
  packages = ["aws","aws/awserr","aws/awsutil","aws/client","aws/client/metadata","aws/corehandlers","aws/credentials","aws/credentials/ec2rolecreds","aws/credentials/endpointcreds","aws/credentials/stscreds","aws/defaults","aws/ec2metadata","aws/endpoints","aws/request","aws/session","aws/signer/v4","internal/shareddefaults","private/protocol","private/protocol/json/jsonutil","private/protocol/jsonrpc","private/protocol/query","private/protocol/query/queryutil","private/protocol/rest","private/protocol/restxml","private/protocol/xml/xmlutil","service/route53","service/route53domains","service/sts"]
  revision = "0cebc639926eb91b0192dae4b28bc808417e764c"
  version = "v1.12.61"

[[projects]]
  branch = "master"
  name = "github.com/billputer/go-namecheap"
  packages = ["."]
  revision = "0c7adb0710f81c00d669a140d3b72b0be6e2b7db"

[[projects]]
  name = "github.com/digitalocean/godo"
  packages = [".","context"]
  revision = "77ea48de76a7b31b234d854f15d003c68bb2fb90"
  version = "v1.1.1"

[[projects]]
  name = "github.com/dnsimple/dnsimple-go"
  packages = ["dnsimple"]
  revision = "9641549ef4d560b09b6f44d9f394af0efcb438ee"
  version = "v0.15.0"

[[projects]]
  name = "github.com/go-ini/ini"
  packages = ["."]
  revision = "32e4c1e6bc4e7d0d8451aa6b75200d19e37a536a"
  version = "v1.32.0"

[[projects]]
  branch = "master"
  name = "github.com/golang/protobuf"
  packages = ["proto"]
  revision = "1e59b77b52bf8e4b449a57e6f79f21226d571845"

[[projects]]
  branch = "master"
  name = "github.com/google/go-github"
  packages = ["github"]
  revision = "c988f775700b9ab14b5acb7502046fa341daf82d"

[[projects]]
  branch = "master"
  name = "github.com/google/go-querystring"
  packages = ["query"]
  revision = "53e6ce116135b80d037921a7fdd5138cf32d7a8a"

[[projects]]
  branch = "master"
  name = "github.com/gopherjs/gopherjs"
  packages = ["js"]
  revision = "444abdf920945de5d4a977b572bcc6c674d1e4eb"

[[projects]]
  branch = "master"
  name = "github.com/gopherjs/jquery"
  packages = ["."]
  revision = "c5b71b8699e312469a95c0927c19833fa42359e6"

[[projects]]
  name = "github.com/jmespath/go-jmespath"
  packages = ["."]
  revision = "0b12d6b5"

[[projects]]
  branch = "master"
  name = "github.com/juju/ratelimit"
  packages = ["."]
  revision = "59fac5042749a5afb9af70e813da1dd5474f0167"

[[projects]]
  branch = "master"
  name = "github.com/kolo/xmlrpc"
  packages = ["."]
  revision = "0826b98aaa29c0766956cb40d45cf7482a597671"

[[projects]]
  name = "github.com/miekg/dns"
  packages = [".","dnsutil"]
  revision = "5ec25f2a5044291b6c8abf43ed8a201da241e69e"
  version = "v1.0.3"

[[projects]]
  name = "github.com/mjibson/esc"
  packages = ["embed"]
  revision = "58d9cde84f237ecdd89bd7f61c2de2853f4c5c6e"
  version = "v0.1.0"

[[projects]]
  branch = "master"
  name = "github.com/namedotcom/go"
  packages = ["namecom"]
  revision = "290104fdf3738fda9ea417abef7602ae2360f77a"

[[projects]]
  name = "github.com/pkg/errors"
  packages = ["."]
  revision = "645ef00459ed84a119197bfb8d8205042c6df63d"
  version = "v0.8.0"

[[projects]]
  branch = "live_dns"
  name = "github.com/prasmussen/gandi-api"
  packages = ["client","domain","domain/nameservers","domain/zone","domain/zone/record","domain/zone/version","operation","util"]
  revision = "54eb1abb08d9bb2f26e3e9025c9318fbf0724612"
  source = "github.com/tjamet/gandi-api"

[[projects]]
  branch = "master"
  name = "github.com/renier/xmlrpc"
  packages = ["."]
  revision = "ce4a1a486c03a3c6e1816df25b8c559d1879d380"

[[projects]]
  branch = "master"
  name = "github.com/robertkrimen/otto"
  packages = [".","ast","dbg","file","parser","registry","token","underscore"]
  revision = "3b44b4dcb6c00477273595c312908e2412d07da6"

[[projects]]
  branch = "master"
  name = "github.com/softlayer/softlayer-go"
  packages = ["config","datatypes","filter","services","session","sl"]
  revision = "b9d042f52a64abfd2777ec041b3bc3116263f88b"

[[projects]]
  name = "github.com/tdewolff/minify"
  packages = [".","json"]
  revision = "222672169d634c440a73abc47685074e1a9daa60"
  version = "v2.3.4"

[[projects]]
  name = "github.com/tdewolff/parse"
  packages = [".","buffer","json","strconv"]
  revision = "639f6272aec6b52094db77b9ec488214b0b4b1a1"
  version = "v2.3.2"

[[projects]]
  branch = "master"
  name = "github.com/tent/http-link-go"
  packages = ["."]
  revision = "ac974c61c2f990f4115b119354b5e0b47550e888"

[[projects]]
  name = "github.com/urfave/cli"
  packages = ["."]
  revision = "cfb38830724cc34fedffe9a2a29fb54fa9169cd1"
  version = "v1.20.0"

[[projects]]
  branch = "master"
  name = "github.com/xlucas/go-ovh"
  packages = ["ovh"]
  revision = "ef0d1f19f39c291ed08d5d5258175d8a2134ab1c"

[[projects]]
  branch = "master"
  name = "golang.org/x/crypto"
  packages = ["ed25519","ed25519/internal/edwards25519"]
  revision = "13931e22f9e72ea58bb73048bc752b48c6d4d4ac"

[[projects]]
  branch = "master"
  name = "golang.org/x/net"
  packages = ["bpf","context","context/ctxhttp","idna","internal/iana","internal/socket","ipv4","ipv6","publicsuffix"]
  revision = "5ccada7d0a7ba9aeb5d3aca8d3501b4c2a509fec"

[[projects]]
  branch = "master"
  name = "golang.org/x/oauth2"
  packages = [".","google","internal","jws","jwt"]
  revision = "30785a2c434e431ef7c507b54617d6a951d5f2b4"

[[projects]]
  branch = "master"
  name = "golang.org/x/text"
  packages = ["collate","collate/build","encoding","encoding/charmap","encoding/internal","encoding/internal/identifier","encoding/unicode","internal/colltab","internal/gen","internal/tag","internal/triegen","internal/ucd","internal/utf8internal","language","runes","secure/bidirule","transform","unicode/bidi","unicode/cldr","unicode/norm","unicode/rangetable"]
  revision = "e19ae1496984b1c655b8044a65c0300a3c878dd3"

[[projects]]
  branch = "master"
  name = "google.golang.org/api"
  packages = ["dns/v1","gensupport","googleapi","googleapi/internal/uritemplates"]
  revision = "8124d1ac69f14d76f852b3c28a59418989a4bdbe"

[[projects]]
  name = "google.golang.org/appengine"
  packages = [".","internal","internal/app_identity","internal/base","internal/datastore","internal/log","internal/modules","internal/remote_api","internal/urlfetch","urlfetch"]
  revision = "150dc57a1b433e64154302bdc40b6bb8aefa313a"
  version = "v1.0.0"

[[projects]]
  branch = "v2"
  name = "gopkg.in/ns1/ns1-go.v2"
  packages = ["rest","rest/model/account","rest/model/data","rest/model/dns","rest/model/filter","rest/model/monitor"]
  revision = "3c1c487855f28eb70a438d6600d0ddf248785f4b"

[[projects]]
  name = "gopkg.in/sourcemap.v1"
  packages = [".","base64vlq"]
  revision = "6e83acea0053641eff084973fee085f0c193c61a"
  version = "v1.0.5"

[solve-meta]
  analyzer-name = "dep"
  analyzer-version = 1
  inputs-digest = "f6fbcc99934f766585b8dab33235066d5904d8621262db7a4068677befd7a574"
  solver-name = "gps-cdcl"
  solver-version = 1
